{
  "name": "jest",
  "lockfileVersion": 2,
  "requires": true,
  "packages": {
    "": {
      "dependencies": {
        "axios": "^1.2.3",
        "string-strip-html": "^13.0.6",
        "striptags": "^3.2.0"
      }
    },
    "node_modules/asynckit": {
      "version": "0.4.0",
      "resolved": "https://registry.npmjs.org/asynckit/-/asynckit-0.4.0.tgz",
      "integrity": "sha512-Oei9OH4tRh0YqU3GxhX79dM/mwVgvbZJaSNaRk+bshkj0S5cfHcgYakreBjrHwatXKbz+IoIdYLxrKim2MjW0Q=="
    },
    "node_modules/axios": {
      "version": "1.2.3",
      "resolved": "https://registry.npmjs.org/axios/-/axios-1.2.3.tgz",
      "integrity": "sha512-pdDkMYJeuXLZ6Xj/Q5J3Phpe+jbGdsSzlQaFVkMQzRUL05+6+tetX8TV3p4HrU4kzuO9bt+io/yGQxuyxA/xcw==",
      "dependencies": {
        "follow-redirects": "^1.15.0",
        "form-data": "^4.0.0",
        "proxy-from-env": "^1.1.0"
      }
    },
    "node_modules/codsen-utils": {
      "version": "1.2.0",
      "resolved": "https://registry.npmjs.org/codsen-utils/-/codsen-utils-1.2.0.tgz",
      "integrity": "sha512-cejy31V+xUI6oxQFTxUmT2cZrmIgUg+bZlWtofn8Xdh2JV43ncJK149QNLfPl4G90nkSrqWn9Xu7ZIcbqMDr4A==",
      "engines": {
        "node": ">=14.18.0"
      }
    },
    "node_modules/combined-stream": {
      "version": "1.0.8",
      "resolved": "https://registry.npmjs.org/combined-stream/-/combined-stream-1.0.8.tgz",
      "integrity": "sha512-FQN4MRfuJeHf7cBbBMJFXhKSDq+2kAArBlmRBvcvFE5BB1HZKXtSFASDhdlz9zOYwxh8lDdnvmMOe/+5cdoEdg==",
      "dependencies": {
        "delayed-stream": "~1.0.0"
      },
      "engines": {
        "node": ">= 0.8"
      }
    },
    "node_modules/delayed-stream": {
      "version": "1.0.0",
      "resolved": "https://registry.npmjs.org/delayed-stream/-/delayed-stream-1.0.0.tgz",
      "integrity": "sha512-ZySD7Nf91aLB0RxL4KGrKHBXl7Eds1DAmEdcoVawXnLD7SDhpNgtuII2aAkg7a7QS41jxPSZ17p4VdGnMHk3MQ==",
      "engines": {
        "node": ">=0.4.0"
      }
    },
    "node_modules/follow-redirects": {
      "version": "1.15.2",
      "resolved": "https://registry.npmjs.org/follow-redirects/-/follow-redirects-1.15.2.tgz",
      "integrity": "sha512-VQLG33o04KaQ8uYi2tVNbdrWp1QWxNNea+nmIB4EVM28v0hmP17z7aG1+wAkNzVq4KeXTq3221ye5qTJP91JwA==",
      "funding": [
        {
          "type": "individual",
          "url": "https://github.com/sponsors/RubenVerborgh"
        }
      ],
      "engines": {
        "node": ">=4.0"
      },
      "peerDependenciesMeta": {
        "debug": {
          "optional": true
        }
      }
    },
    "node_modules/form-data": {
      "version": "4.0.0",
      "resolved": "https://registry.npmjs.org/form-data/-/form-data-4.0.0.tgz",
      "integrity": "sha512-ETEklSGi5t0QMZuiXoA/Q6vcnxcLQP5vdugSpuAyi6SVGi2clPPp+xgEhuMaHC+zGgn31Kd235W35f7Hykkaww==",
      "dependencies": {
        "asynckit": "^0.4.0",
        "combined-stream": "^1.0.8",
        "mime-types": "^2.1.12"
      },
      "engines": {
        "node": ">= 6"
      }
    },
    "node_modules/html-entities": {
      "version": "2.3.3",
      "resolved": "https://registry.npmjs.org/html-entities/-/html-entities-2.3.3.tgz",
      "integrity": "sha512-DV5Ln36z34NNTDgnz0EWGBLZENelNAtkiFA4kyNOG2tDI6Mz1uSWiq1wAKdyjnJwyDiDO7Fa2SO1CTxPXL8VxA=="
    },
    "node_modules/lodash.clonedeep": {
      "version": "4.5.0",
      "resolved": "https://registry.npmjs.org/lodash.clonedeep/-/lodash.clonedeep-4.5.0.tgz",
      "integrity": "sha512-H5ZhCF25riFd9uB5UCkVKo61m3S/xZk1x4wA6yp/L3RFP6Z/eHH1ymQcGLo7J3GMPfm0V/7m1tryHuGVxpqEBQ=="
    },
    "node_modules/lodash.trim": {
      "version": "4.5.1",
      "resolved": "https://registry.npmjs.org/lodash.trim/-/lodash.trim-4.5.1.tgz",
      "integrity": "sha512-nJAlRl/K+eiOehWKDzoBVrSMhK0K3A3YQsUNXHQa5yIrKBAhsZgSu3KoAFoFT+mEgiyBHddZ0pRk1ITpIp90Wg=="
    },
    "node_modules/lodash.without": {
      "version": "4.4.0",
      "resolved": "https://registry.npmjs.org/lodash.without/-/lodash.without-4.4.0.tgz",
      "integrity": "sha512-M3MefBwfDhgKgINVuBJCO1YR3+gf6s9HNJsIiZ/Ru77Ws6uTb9eBuvrkpzO+9iLoAaRodGuq7tyrPCx+74QYGQ=="
    },
    "node_modules/mime-db": {
      "version": "1.52.0",
      "resolved": "https://registry.npmjs.org/mime-db/-/mime-db-1.52.0.tgz",
      "integrity": "sha512-sPU4uV7dYlvtWJxwwxHD0PuihVNiE7TyAbQ5SWxDCB9mUYvOgroQOwYQQOKPJ8CIbE+1ETVlOoK1UC2nU3gYvg==",
      "engines": {
        "node": ">= 0.6"
      }
    },
    "node_modules/mime-types": {
      "version": "2.1.35",
      "resolved": "https://registry.npmjs.org/mime-types/-/mime-types-2.1.35.tgz",
      "integrity": "sha512-ZDY+bPm5zTTF+YpCrAU9nK0UgICYPT0QtT1NZWFv4s++TNkcgVaT0g6+4R2uI4MjQjzysHB1zxuWL50hzaeXiw==",
      "dependencies": {
        "mime-db": "1.52.0"
      },
      "engines": {
        "node": ">= 0.6"
      }
    },
    "node_modules/proxy-from-env": {
      "version": "1.1.0",
      "resolved": "https://registry.npmjs.org/proxy-from-env/-/proxy-from-env-1.1.0.tgz",
      "integrity": "sha512-D+zkORCbA9f1tdWRK0RaCR3GPv50cMxcrz4X8k5LTSUD1Dkw47mKJEZQNunItRTkWwgtaUSo1RVFRIG9ZXiFYg=="
    },
    "node_modules/ranges-apply": {
      "version": "7.0.3",
      "resolved": "https://registry.npmjs.org/ranges-apply/-/ranges-apply-7.0.3.tgz",
      "integrity": "sha512-xEdAMtSMmuGA75XwO1fV3IOKB0c7WxAt51x3arYTcC30Cf41U8nIbrtyrXyjb9W/GK0/szcug0ja9COnR/LdFA==",
      "dependencies": {
        "ranges-merge": "^9.0.3",
        "tiny-invariant": "^1.3.1"
      },
      "engines": {
        "node": ">=14.18.0"
      }
    },
    "node_modules/ranges-merge": {
      "version": "9.0.3",
      "resolved": "https://registry.npmjs.org/ranges-merge/-/ranges-merge-9.0.3.tgz",
      "integrity": "sha512-8SakJsq08s2IcrycHZNaCimrnZ7pMqgMixbtziiUTW6szX/lrxLzhrmBkidYfK8CZSFd9tnIvj3/U20GnLASXg==",
      "dependencies": {
        "ranges-push": "^7.0.3",
        "ranges-sort": "^6.0.3"
      },
      "engines": {
        "node": ">=14.18.0"
      }
    },
    "node_modules/ranges-push": {
      "version": "7.0.3",
      "resolved": "https://registry.npmjs.org/ranges-push/-/ranges-push-7.0.3.tgz",
      "integrity": "sha512-KponCIMAHVkykxFjbkF9H7hnO78Qs4QciPDxDHGwDpqG21TEvz+7jSKTSG/gPpM2zvD6H1Dw0FN747rK2E2wsw==",
      "dependencies": {
        "string-collapse-leading-whitespace": "^7.0.3",
        "string-trim-spaces-only": "^5.0.3"
      },
      "engines": {
        "node": ">=14.18.0"
      }
    },
    "node_modules/ranges-sort": {
      "version": "6.0.3",
      "resolved": "https://registry.npmjs.org/ranges-sort/-/ranges-sort-6.0.3.tgz",
      "integrity": "sha512-iEudh7Uvrf+1LWVE3WUqH7rtSGG4f1RqxRzaqmVJpQK1kqqv6tktaJg7A7RtlX7h/LG95fgD+Fd6gM24pYHG5A==",
      "engines": {
        "node": ">=14.18.0"
      }
    },
    "node_modules/string-collapse-leading-whitespace": {
      "version": "7.0.3",
      "resolved": "https://registry.npmjs.org/string-collapse-leading-whitespace/-/string-collapse-leading-whitespace-7.0.3.tgz",
      "integrity": "sha512-gQz3NEpbEqXgbXIi19rsBm8ivq2TAyhQe6/a0qxGcGYzxlCPrNm+gR60OEeUWLap17IPjVlEfsGl6kWlzfWpFg==",
      "engines": {
        "node": ">=14.18.0"
      }
    },
    "node_modules/string-left-right": {
      "version": "6.0.6",
      "resolved": "https://registry.npmjs.org/string-left-right/-/string-left-right-6.0.6.tgz",
      "integrity": "sha512-MStz865IJtXYeT/KWEU6OlFS7eDbOEZIpSZZPkk05PM5fSBWnpNugOWgx1F9vPB0Stx+kU5noRjeIXG9nwVn/g==",
      "dependencies": {
        "codsen-utils": "^1.2.0",
        "lodash.clonedeep": "^4.5.0"
      },
      "engines": {
        "node": ">=14.18.0"
      }
    },
    "node_modules/string-strip-html": {
      "version": "13.0.6",
      "resolved": "https://registry.npmjs.org/string-strip-html/-/string-strip-html-13.0.6.tgz",
      "integrity": "sha512-Y5tUeEjggfcAHRbbFj1fwkqp8AauB1Hm2r/97bOvhovgkFgdzQwOCadSwIGkGPbp4w3S0KFwDPwPWjvkvo0XRA==",
      "dependencies": {
        "codsen-utils": "^1.2.0",
        "html-entities": "^2.3.3",
        "lodash.trim": "^4.5.1",
        "lodash.without": "^4.4.0",
        "ranges-apply": "^7.0.3",
        "ranges-push": "^7.0.3",
        "string-left-right": "^6.0.6"
      },
      "engines": {
        "node": ">=14.18.0"
      }
    },
    "node_modules/string-trim-spaces-only": {
      "version": "5.0.3",
      "resolved": "https://registry.npmjs.org/string-trim-spaces-only/-/string-trim-spaces-only-5.0.3.tgz",
      "integrity": "sha512-86fu6Ny2z38OLXy+4ZHIFDfzggHb+tjs/yXF2Rw65lsbdcG92JzzSxncxbU7kDwpYf4Mm1MftULlnPyrDCs4ow==",
      "engines": {
        "node": ">=14.18.0"
      }
    },
    "node_modules/striptags": {
      "version": "3.2.0",
      "resolved": "https://registry.npmjs.org/striptags/-/striptags-3.2.0.tgz",
      "integrity": "sha512-g45ZOGzHDMe2bdYMdIvdAfCQkCTDMGBazSw1ypMowwGIee7ZQ5dU0rBJ8Jqgl+jAKIv4dbeE1jscZq9wid1Tkw=="
    },
    "node_modules/tiny-invariant": {
      "version": "1.3.1",
      "resolved": "https://registry.npmjs.org/tiny-invariant/-/tiny-invariant-1.3.1.tgz",
      "integrity": "sha512-AD5ih2NlSssTCwsMznbvwMZpJ1cbhkGd2uueNxzv2jDlEeZdU04JQfRnggJQ8DrcVBGjAsCKwFBbDlVNtEMlzw=="
    }
  },
  "dependencies": {
    "asynckit": {
      "version": "0.4.0",
      "resolved": "https://registry.npmjs.org/asynckit/-/asynckit-0.4.0.tgz",
      "integrity": "sha512-Oei9OH4tRh0YqU3GxhX79dM/mwVgvbZJaSNaRk+bshkj0S5cfHcgYakreBjrHwatXKbz+IoIdYLxrKim2MjW0Q=="
    },
    "axios": {
      "version": "1.2.3",
      "resolved": "https://registry.npmjs.org/axios/-/axios-1.2.3.tgz",
      "integrity": "sha512-pdDkMYJeuXLZ6Xj/Q5J3Phpe+jbGdsSzlQaFVkMQzRUL05+6+tetX8TV3p4HrU4kzuO9bt+io/yGQxuyxA/xcw==",
      "requires": {
        "follow-redirects": "^1.15.0",
        "form-data": "^4.0.0",
        "proxy-from-env": "^1.1.0"
      }
    },
    "codsen-utils": {
      "version": "1.2.0",
      "resolved": "https://registry.npmjs.org/codsen-utils/-/codsen-utils-1.2.0.tgz",
      "integrity": "sha512-cejy31V+xUI6oxQFTxUmT2cZrmIgUg+bZlWtofn8Xdh2JV43ncJK149QNLfPl4G90nkSrqWn9Xu7ZIcbqMDr4A=="
    },
    "combined-stream": {
      "version": "1.0.8",
      "resolved": "https://registry.npmjs.org/combined-stream/-/combined-stream-1.0.8.tgz",
      "integrity": "sha512-FQN4MRfuJeHf7cBbBMJFXhKSDq+2kAArBlmRBvcvFE5BB1HZKXtSFASDhdlz9zOYwxh8lDdnvmMOe/+5cdoEdg==",
      "requires": {
        "delayed-stream": "~1.0.0"
      }
    },
    "delayed-stream": {
      "version": "1.0.0",
      "resolved": "https://registry.npmjs.org/delayed-stream/-/delayed-stream-1.0.0.tgz",
      "integrity": "sha512-ZySD7Nf91aLB0RxL4KGrKHBXl7Eds1DAmEdcoVawXnLD7SDhpNgtuII2aAkg7a7QS41jxPSZ17p4VdGnMHk3MQ=="
    },
    "follow-redirects": {
      "version": "1.15.2",
      "resolved": "https://registry.npmjs.org/follow-redirects/-/follow-redirects-1.15.2.tgz",
      "integrity": "sha512-VQLG33o04KaQ8uYi2tVNbdrWp1QWxNNea+nmIB4EVM28v0hmP17z7aG1+wAkNzVq4KeXTq3221ye5qTJP91JwA=="
    },
    "form-data": {
      "version": "4.0.0",
      "resolved": "https://registry.npmjs.org/form-data/-/form-data-4.0.0.tgz",
      "integrity": "sha512-ETEklSGi5t0QMZuiXoA/Q6vcnxcLQP5vdugSpuAyi6SVGi2clPPp+xgEhuMaHC+zGgn31Kd235W35f7Hykkaww==",
      "requires": {
        "asynckit": "^0.4.0",
        "combined-stream": "^1.0.8",
        "mime-types": "^2.1.12"
      }
    },
    "html-entities": {
      "version": "2.3.3",
      "resolved": "https://registry.npmjs.org/html-entities/-/html-entities-2.3.3.tgz",
      "integrity": "sha512-DV5Ln36z34NNTDgnz0EWGBLZENelNAtkiFA4kyNOG2tDI6Mz1uSWiq1wAKdyjnJwyDiDO7Fa2SO1CTxPXL8VxA=="
    },
    "lodash.clonedeep": {
      "version": "4.5.0",
      "resolved": "https://registry.npmjs.org/lodash.clonedeep/-/lodash.clonedeep-4.5.0.tgz",
      "integrity": "sha512-H5ZhCF25riFd9uB5UCkVKo61m3S/xZk1x4wA6yp/L3RFP6Z/eHH1ymQcGLo7J3GMPfm0V/7m1tryHuGVxpqEBQ=="
    },
    "lodash.trim": {
      "version": "4.5.1",
      "resolved": "https://registry.npmjs.org/lodash.trim/-/lodash.trim-4.5.1.tgz",
      "integrity": "sha512-nJAlRl/K+eiOehWKDzoBVrSMhK0K3A3YQsUNXHQa5yIrKBAhsZgSu3KoAFoFT+mEgiyBHddZ0pRk1ITpIp90Wg=="
    },
    "lodash.without": {
      "version": "4.4.0",
      "resolved": "https://registry.npmjs.org/lodash.without/-/lodash.without-4.4.0.tgz",
      "integrity": "sha512-M3MefBwfDhgKgINVuBJCO1YR3+gf6s9HNJsIiZ/Ru77Ws6uTb9eBuvrkpzO+9iLoAaRodGuq7tyrPCx+74QYGQ=="
    },
    "mime-db": {
      "version": "1.52.0",
      "resolved": "https://registry.npmjs.org/mime-db/-/mime-db-1.52.0.tgz",
      "integrity": "sha512-sPU4uV7dYlvtWJxwwxHD0PuihVNiE7TyAbQ5SWxDCB9mUYvOgroQOwYQQOKPJ8CIbE+1ETVlOoK1UC2nU3gYvg=="
    },
    "mime-types": {
      "version": "2.1.35",
      "resolved": "https://registry.npmjs.org/mime-types/-/mime-types-2.1.35.tgz",
      "integrity": "sha512-ZDY+bPm5zTTF+YpCrAU9nK0UgICYPT0QtT1NZWFv4s++TNkcgVaT0g6+4R2uI4MjQjzysHB1zxuWL50hzaeXiw==",
      "requires": {
        "mime-db": "1.52.0"
      }
    },
    "proxy-from-env": {
      "version": "1.1.0",
      "resolved": "https://registry.npmjs.org/proxy-from-env/-/proxy-from-env-1.1.0.tgz",
      "integrity": "sha512-D+zkORCbA9f1tdWRK0RaCR3GPv50cMxcrz4X8k5LTSUD1Dkw47mKJEZQNunItRTkWwgtaUSo1RVFRIG9ZXiFYg=="
    },
    "ranges-apply": {
      "version": "7.0.3",
      "resolved": "https://registry.npmjs.org/ranges-apply/-/ranges-apply-7.0.3.tgz",
      "integrity": "sha512-xEdAMtSMmuGA75XwO1fV3IOKB0c7WxAt51x3arYTcC30Cf41U8nIbrtyrXyjb9W/GK0/szcug0ja9COnR/LdFA==",
      "requires": {
        "ranges-merge": "^9.0.3",
        "tiny-invariant": "^1.3.1"
      }
    },
    "ranges-merge": {
      "version": "9.0.3",
      "resolved": "https://registry.npmjs.org/ranges-merge/-/ranges-merge-9.0.3.tgz",
      "integrity": "sha512-8SakJsq08s2IcrycHZNaCimrnZ7pMqgMixbtziiUTW6szX/lrxLzhrmBkidYfK8CZSFd9tnIvj3/U20GnLASXg==",
      "requires": {
        "ranges-push": "^7.0.3",
        "ranges-sort": "^6.0.3"
      }
    },
    "ranges-push": {
      "version": "7.0.3",
      "resolved": "https://registry.npmjs.org/ranges-push/-/ranges-push-7.0.3.tgz",
      "integrity": "sha512-KponCIMAHVkykxFjbkF9H7hnO78Qs4QciPDxDHGwDpqG21TEvz+7jSKTSG/gPpM2zvD6H1Dw0FN747rK2E2wsw==",
      "requires": {
        "string-collapse-leading-whitespace": "^7.0.3",
        "string-trim-spaces-only": "^5.0.3"
      }
    },
    "ranges-sort": {
      "version": "6.0.3",
      "resolved": "https://registry.npmjs.org/ranges-sort/-/ranges-sort-6.0.3.tgz",
      "integrity": "sha512-iEudh7Uvrf+1LWVE3WUqH7rtSGG4f1RqxRzaqmVJpQK1kqqv6tktaJg7A7RtlX7h/LG95fgD+Fd6gM24pYHG5A=="
    },
    "string-collapse-leading-whitespace": {
      "version": "7.0.3",
      "resolved": "https://registry.npmjs.org/string-collapse-leading-whitespace/-/string-collapse-leading-whitespace-7.0.3.tgz",
      "integrity": "sha512-gQz3NEpbEqXgbXIi19rsBm8ivq2TAyhQe6/a0qxGcGYzxlCPrNm+gR60OEeUWLap17IPjVlEfsGl6kWlzfWpFg=="
    },
    "string-left-right": {
      "version": "6.0.6",
      "resolved": "https://registry.npmjs.org/string-left-right/-/string-left-right-6.0.6.tgz",
      "integrity": "sha512-MStz865IJtXYeT/KWEU6OlFS7eDbOEZIpSZZPkk05PM5fSBWnpNugOWgx1F9vPB0Stx+kU5noRjeIXG9nwVn/g==",
      "requires": {
        "codsen-utils": "^1.2.0",
        "lodash.clonedeep": "^4.5.0"
      }
    },
    "string-strip-html": {
      "version": "13.0.6",
      "resolved": "https://registry.npmjs.org/string-strip-html/-/string-strip-html-13.0.6.tgz",
      "integrity": "sha512-Y5tUeEjggfcAHRbbFj1fwkqp8AauB1Hm2r/97bOvhovgkFgdzQwOCadSwIGkGPbp4w3S0KFwDPwPWjvkvo0XRA==",
      "requires": {
        "codsen-utils": "^1.2.0",
        "html-entities": "^2.3.3",
        "lodash.trim": "^4.5.1",
        "lodash.without": "^4.4.0",
        "ranges-apply": "^7.0.3",
        "ranges-push": "^7.0.3",
        "string-left-right": "^6.0.6"
      }
    },
    "string-trim-spaces-only": {
      "version": "5.0.3",
      "resolved": "https://registry.npmjs.org/string-trim-spaces-only/-/string-trim-spaces-only-5.0.3.tgz",
      "integrity": "sha512-86fu6Ny2z38OLXy+4ZHIFDfzggHb+tjs/yXF2Rw65lsbdcG92JzzSxncxbU7kDwpYf4Mm1MftULlnPyrDCs4ow=="
    },
    "striptags": {
      "version": "3.2.0",
      "resolved": "https://registry.npmjs.org/striptags/-/striptags-3.2.0.tgz",
      "integrity": "sha512-g45ZOGzHDMe2bdYMdIvdAfCQkCTDMGBazSw1ypMowwGIee7ZQ5dU0rBJ8Jqgl+jAKIv4dbeE1jscZq9wid1Tkw=="
    },
    "tiny-invariant": {
      "version": "1.3.1",
      "resolved": "https://registry.npmjs.org/tiny-invariant/-/tiny-invariant-1.3.1.tgz",
      "integrity": "sha512-AD5ih2NlSssTCwsMznbvwMZpJ1cbhkGd2uueNxzv2jDlEeZdU04JQfRnggJQ8DrcVBGjAsCKwFBbDlVNtEMlzw=="
    }
  }
}
